// !$*UTF8*$!
{
	archiveVersion = 1;
	classes = {
	};
	objectVersion = 50;
	objects = {

/* Begin PBXBuildFile section */
		B959A6F525E3393600E1C2F6 /* Project6App.swift in Sources */ = {isa = PBXBuildFile; fileRef = B959A6F425E3393600E1C2F6 /* Project6App.swift */; };
		B959A6F725E3393600E1C2F6 /* ContentView.swift in Sources */ = {isa = PBXBuildFile; fileRef = B959A6F625E3393600E1C2F6 /* ContentView.swift */; };
		B959A6F925E3393700E1C2F6 /* Assets.xcassets in Resources */ = {isa = PBXBuildFile; fileRef = B959A6F825E3393700E1C2F6 /* Assets.xcassets */; };
		B959A6FC25E3393700E1C2F6 /* Preview Assets.xcassets in Resources */ = {isa = PBXBuildFile; fileRef = B959A6FB25E3393700E1C2F6 /* Preview Assets.xcassets */; };
		B959A70725E3393800E1C2F6 /* Project6Tests.swift in Sources */ = {isa = PBXBuildFile; fileRef = B959A70625E3393800E1C2F6 /* Project6Tests.swift */; };
		B959A71225E3393800E1C2F6 /* Project6UITests.swift in Sources */ = {isa = PBXBuildFile; fileRef = B959A71125E3393800E1C2F6 /* Project6UITests.swift */; };
/* End PBXBuildFile section */

/* Begin PBXContainerItemProxy section */
		B959A70325E3393700E1C2F6 /* PBXContainerItemProxy */ = {
			isa = PBXContainerItemProxy;
			containerPortal = B959A6E925E3393600E1C2F6 /* Project object */;
			proxyType = 1;
			remoteGlobalIDString = B959A6F025E3393600E1C2F6;
			remoteInfo = Project6;
		};
		B959A70E25E3393800E1C2F6 /* PBXContainerItemProxy */ = {
			isa = PBXContainerItemProxy;
			containerPortal = B959A6E925E3393600E1C2F6 /* Project object */;
			proxyType = 1;
			remoteGlobalIDString = B959A6F025E3393600E1C2F6;
			remoteInfo = Project6;
		};
/* End PBXContainerItemProxy section */

/* Begin PBXFileReference section */
		B959A6F125E3393600E1C2F6 /* Project6.app */ = {isa = PBXFileReference; explicitFileType = wrapper.application; includeInIndex = 0; path = Project6.app; sourceTree = BUILT_PRODUCTS_DIR; };
		B959A6F425E3393600E1C2F6 /* Project6App.swift */ = {isa = PBXFileReference; lastKnownFileType = sourcecode.swift; path = Project6App.swift; sourceTree = "<group>"; };
		B959A6F625E3393600E1C2F6 /* ContentView.swift */ = {isa = PBXFileReference; lastKnownFileType = sourcecode.swift; path = ContentView.swift; sourceTree = "<group>"; };
		B959A6F825E3393700E1C2F6 /* Assets.xcassets */ = {isa = PBXFileReference; lastKnownFileType = folder.assetcatalog; path = Assets.xcassets; sourceTree = "<group>"; };
		B959A6FB25E3393700E1C2F6 /* Preview Assets.xcassets */ = {isa = PBXFileReference; lastKnownFileType = folder.assetcatalog; path = "Preview Assets.xcassets"; sourceTree = "<group>"; };
		B959A6FD25E3393700E1C2F6 /* Info.plist */ = {isa = PBXFileReference; lastKnownFileType = text.plist.xml; path = Info.plist; sourceTree = "<group>"; };
		B959A70225E3393700E1C2F6 /* Project6Tests.xctest */ = {isa = PBXFileReference; explicitFileType = wrapper.cfbundle; includeInIndex = 0; path = Project6Tests.xctest; sourceTree = BUILT_PRODUCTS_DIR; };
		B959A70625E3393800E1C2F6 /* Project6Tests.swift */ = {isa = PBXFileReference; lastKnownFileType = sourcecode.swift; path = Project6Tests.swift; sourceTree = "<group>"; };
		B959A70825E3393800E1C2F6 /* Info.plist */ = {isa = PBXFileReference; lastKnownFileType = text.plist.xml; path = Info.plist; sourceTree = "<group>"; };
		B959A70D25E3393800E1C2F6 /* Project6UITests.xctest */ = {isa = PBXFileReference; explicitFileType = wrapper.cfbundle; includeInIndex = 0; path = Project6UITests.xctest; sourceTree = BUILT_PRODUCTS_DIR; };
		B959A71125E3393800E1C2F6 /* Project6UITests.swift */ = {isa = PBXFileReference; lastKnownFileType = sourcecode.swift; path = Project6UITests.swift; sourceTree = "<group>"; };
		B959A71325E3393800E1C2F6 /* Info.plist */ = {isa = PBXFileReference; lastKnownFileType = text.plist.xml; path = Info.plist; sourceTree = "<group>"; };
/* End PBXFileReference section */

/* Begin PBXFrameworksBuildPhase section */
		B959A6EE25E3393600E1C2F6 /* Frameworks */ = {
			isa = PBXFrameworksBuildPhase;
			buildActionMask = 2147483647;
			files = (
			);
			runOnlyForDeploymentPostprocessing = 0;
		};
		B959A6FF25E3393700E1C2F6 /* Frameworks */ = {
			isa = PBXFrameworksBuildPhase;
			buildActionMask = 2147483647;
			files = (
			);
			runOnlyForDeploymentPostprocessing = 0;
		};
		B959A70A25E3393800E1C2F6 /* Frameworks */ = {
			isa = PBXFrameworksBuildPhase;
			buildActionMask = 2147483647;
			files = (
			);
			runOnlyForDeploymentPostprocessing = 0;
		};
/* End PBXFrameworksBuildPhase section */

/* Begin PBXGroup section */
		B959A6E825E3393600E1C2F6 = {
			isa = PBXGroup;
			children = (
				B959A6F325E3393600E1C2F6 /* Project6 */,
				B959A70525E3393800E1C2F6 /* Project6Tests */,
				B959A71025E3393800E1C2F6 /* Project6UITests */,
				B959A6F225E3393600E1C2F6 /* Products */,
			);
			sourceTree = "<group>";
		};
		B959A6F225E3393600E1C2F6 /* Products */ = {
			isa = PBXGroup;
			children = (
				B959A6F125E3393600E1C2F6 /* Project6.app */,
				B959A70225E3393700E1C2F6 /* Project6Tests.xctest */,
				B959A70D25E3393800E1C2F6 /* Project6UITests.xctest */,
			);
			name = Products;
			sourceTree = "<group>";
		};
		B959A6F325E3393600E1C2F6 /* Project6 */ = {
			isa = PBXGroup;
			children = (
				B959A6F425E3393600E1C2F6 /* Project6App.swift */,
				B959A6F625E3393600E1C2F6 /* ContentView.swift */,
				B959A6F825E3393700E1C2F6 /* Assets.xcassets */,
				B959A6FD25E3393700E1C2F6 /* Info.plist */,
				B959A6FA25E3393700E1C2F6 /* Preview Content */,
			);
			path = Project6;
			sourceTree = "<group>";
		};
		B959A6FA25E3393700E1C2F6 /* Preview Content */ = {
			isa = PBXGroup;
			children = (
				B959A6FB25E3393700E1C2F6 /* Preview Assets.xcassets */,
			);
			path = "Preview Content";
			sourceTree = "<group>";
		};
		B959A70525E3393800E1C2F6 /* Project6Tests */ = {
			isa = PBXGroup;
			children = (
				B959A70625E3393800E1C2F6 /* Project6Tests.swift */,
				B959A70825E3393800E1C2F6 /* Info.plist */,
			);
			path = Project6Tests;
			sourceTree = "<group>";
		};
		B959A71025E3393800E1C2F6 /* Project6UITests */ = {
			isa = PBXGroup;
			children = (
				B959A71125E3393800E1C2F6 /* Project6UITests.swift */,
				B959A71325E3393800E1C2F6 /* Info.plist */,
			);
			path = Project6UITests;
			sourceTree = "<group>";
		};
/* End PBXGroup section */

/* Begin PBXNativeTarget section */
		B959A6F025E3393600E1C2F6 /* Project6 */ = {
			isa = PBXNativeTarget;
			buildConfigurationList = B959A71625E3393800E1C2F6 /* Build configuration list for PBXNativeTarget "Project6" */;
			buildPhases = (
				B959A6ED25E3393600E1C2F6 /* Sources */,
				B959A6EE25E3393600E1C2F6 /* Frameworks */,
				B959A6EF25E3393600E1C2F6 /* Resources */,
			);
			buildRules = (
			);
			dependencies = (
			);
			name = Project6;
			productName = Project6;
			productReference = B959A6F125E3393600E1C2F6 /* Project6.app */;
			productType = "com.apple.product-type.application";
		};
		B959A70125E3393700E1C2F6 /* Project6Tests */ = {
			isa = PBXNativeTarget;
			buildConfigurationList = B959A71925E3393800E1C2F6 /* Build configuration list for PBXNativeTarget "Project6Tests" */;
			buildPhases = (
				B959A6FE25E3393700E1C2F6 /* Sources */,
				B959A6FF25E3393700E1C2F6 /* Frameworks */,
				B959A70025E3393700E1C2F6 /* Resources */,
			);
			buildRules = (
			);
			dependencies = (
				B959A70425E3393700E1C2F6 /* PBXTargetDependency */,
			);
			name = Project6Tests;
			productName = Project6Tests;
			productReference = B959A70225E3393700E1C2F6 /* Project6Tests.xctest */;
			productType = "com.apple.product-type.bundle.unit-test";
		};
		B959A70C25E3393800E1C2F6 /* Project6UITests */ = {
			isa = PBXNativeTarget;
			buildConfigurationList = B959A71C25E3393800E1C2F6 /* Build configuration list for PBXNativeTarget "Project6UITests" */;
			buildPhases = (
				B959A70925E3393800E1C2F6 /* Sources */,
				B959A70A25E3393800E1C2F6 /* Frameworks */,
				B959A70B25E3393800E1C2F6 /* Resources */,
			);
			buildRules = (
			);
			dependencies = (
				B959A70F25E3393800E1C2F6 /* PBXTargetDependency */,
			);
			name = Project6UITests;
			productName = Project6UITests;
			productReference = B959A70D25E3393800E1C2F6 /* Project6UITests.xctest */;
			productType = "com.apple.product-type.bundle.ui-testing";
		};
/* End PBXNativeTarget section */

/* Begin PBXProject section */
		B959A6E925E3393600E1C2F6 /* Project object */ = {
			isa = PBXProject;
			attributes = {
				LastSwiftUpdateCheck = 1240;
				LastUpgradeCheck = 1240;
				TargetAttributes = {
					B959A6F025E3393600E1C2F6 = {
						CreatedOnToolsVersion = 12.4;
					};
					B959A70125E3393700E1C2F6 = {
						CreatedOnToolsVersion = 12.4;
						TestTargetID = B959A6F025E3393600E1C2F6;
					};
					B959A70C25E3393800E1C2F6 = {
						CreatedOnToolsVersion = 12.4;
						TestTargetID = B959A6F025E3393600E1C2F6;
					};
				};
			};
			buildConfigurationList = B959A6EC25E3393600E1C2F6 /* Build configuration list for PBXProject "Project6" */;
			compatibilityVersion = "Xcode 9.3";
			developmentRegion = en;
			hasScannedForEncodings = 0;
			knownRegions = (
				en,
				Base,
			);
			mainGroup = B959A6E825E3393600E1C2F6;
			productRefGroup = B959A6F225E3393600E1C2F6 /* Products */;
			projectDirPath = "";
			projectRoot = "";
			targets = (
				B959A6F025E3393600E1C2F6 /* Project6 */,
				B959A70125E3393700E1C2F6 /* Project6Tests */,
				B959A70C25E3393800E1C2F6 /* Project6UITests */,
			);
		};
/* End PBXProject section */

/* Begin PBXResourcesBuildPhase section */
		B959A6EF25E3393600E1C2F6 /* Resources */ = {
			isa = PBXResourcesBuildPhase;
			buildActionMask = 2147483647;
			files = (
				B959A6FC25E3393700E1C2F6 /* Preview Assets.xcassets in Resources */,
				B959A6F925E3393700E1C2F6 /* Assets.xcassets in Resources */,
			);
			runOnlyForDeploymentPostprocessing = 0;
		};
		B959A70025E3393700E1C2F6 /* Resources */ = {
			isa = PBXResourcesBuildPhase;
			buildActionMask = 2147483647;
			files = (
			);
			runOnlyForDeploymentPostprocessing = 0;
		};
		B959A70B25E3393800E1C2F6 /* Resources */ = {
			isa = PBXResourcesBuildPhase;
			buildActionMask = 2147483647;
			files = (
			);
			runOnlyForDeploymentPostprocessing = 0;
		};
/* End PBXResourcesBuildPhase section */

/* Begin PBXSourcesBuildPhase section */
		B959A6ED25E3393600E1C2F6 /* Sources */ = {
			isa = PBXSourcesBuildPhase;
			buildActionMask = 2147483647;
			files = (
				B959A6F725E3393600E1C2F6 /* ContentView.swift in Sources */,
				B959A6F525E3393600E1C2F6 /* Project6App.swift in Sources */,
			);
			runOnlyForDeploymentPostprocessing = 0;
		};
		B959A6FE25E3393700E1C2F6 /* Sources */ = {
			isa = PBXSourcesBuildPhase;
			buildActionMask = 2147483647;
			files = (
				B959A70725E3393800E1C2F6 /* Project6Tests.swift in Sources */,
			);
			runOnlyForDeploymentPostprocessing = 0;
		};
		B959A70925E3393800E1C2F6 /* Sources */ = {
			isa = PBXSourcesBuildPhase;
			buildActionMask = 2147483647;
			files = (
				B959A71225E3393800E1C2F6 /* Project6UITests.swift in Sources */,
			);
			runOnlyForDeploymentPostprocessing = 0;
		};
/* End PBXSourcesBuildPhase section */

/* Begin PBXTargetDependency section */
		B959A70425E3393700E1C2F6 /* PBXTargetDependency */ = {
			isa = PBXTargetDependency;
			target = B959A6F025E3393600E1C2F6 /* Project6 */;
			targetProxy = B959A70325E3393700E1C2F6 /* PBXContainerItemProxy */;
		};
		B959A70F25E3393800E1C2F6 /* PBXTargetDependency */ = {
			isa = PBXTargetDependency;
			target = B959A6F025E3393600E1C2F6 /* Project6 */;
			targetProxy = B959A70E25E3393800E1C2F6 /* PBXContainerItemProxy */;
		};
/* End PBXTargetDependency section */

/* Begin XCBuildConfiguration section */
		B959A71425E3393800E1C2F6 /* Debug */ = {
			isa = XCBuildConfiguration;
			buildSettings = {
				ALWAYS_SEARCH_USER_PATHS = NO;
				CLANG_ANALYZER_NONNULL = YES;
				CLANG_ANALYZER_NUMBER_OBJECT_CONVERSION = YES_AGGRESSIVE;
				CLANG_CXX_LANGUAGE_STANDARD = "gnu++14";
				CLANG_CXX_LIBRARY = "libc++";
				CLANG_ENABLE_MODULES = YES;
				CLANG_ENABLE_OBJC_ARC = YES;
				CLANG_ENABLE_OBJC_WEAK = YES;
				CLANG_WARN_BLOCK_CAPTURE_AUTORELEASING = YES;
				CLANG_WARN_BOOL_CONVERSION = YES;
				CLANG_WARN_COMMA = YES;
				CLANG_WARN_CONSTANT_CONVERSION = YES;
				CLANG_WARN_DEPRECATED_OBJC_IMPLEMENTATIONS = YES;
				CLANG_WARN_DIRECT_OBJC_ISA_USAGE = YES_ERROR;
				CLANG_WARN_DOCUMENTATION_COMMENTS = YES;
				CLANG_WARN_EMPTY_BODY = YES;
				CLANG_WARN_ENUM_CONVERSION = YES;
				CLANG_WARN_INFINITE_RECURSION = YES;
				CLANG_WARN_INT_CONVERSION = YES;
				CLANG_WARN_NON_LITERAL_NULL_CONVERSION = YES;
				CLANG_WARN_OBJC_IMPLICIT_RETAIN_SELF = YES;
				CLANG_WARN_OBJC_LITERAL_CONVERSION = YES;
				CLANG_WARN_OBJC_ROOT_CLASS = YES_ERROR;
				CLANG_WARN_QUOTED_INCLUDE_IN_FRAMEWORK_HEADER = YES;
				CLANG_WARN_RANGE_LOOP_ANALYSIS = YES;
				CLANG_WARN_STRICT_PROTOTYPES = YES;
				CLANG_WARN_SUSPICIOUS_MOVE = YES;
				CLANG_WARN_UNGUARDED_AVAILABILITY = YES_AGGRESSIVE;
				CLANG_WARN_UNREACHABLE_CODE = YES;
				CLANG_WARN__DUPLICATE_METHOD_MATCH = YES;
				COPY_PHASE_STRIP = NO;
				DEBUG_INFORMATION_FORMAT = dwarf;
				ENABLE_STRICT_OBJC_MSGSEND = YES;
				ENABLE_TESTABILITY = YES;
				GCC_C_LANGUAGE_STANDARD = gnu11;
				GCC_DYNAMIC_NO_PIC = NO;
				GCC_NO_COMMON_BLOCKS = YES;
				GCC_OPTIMIZATION_LEVEL = 0;
				GCC_PREPROCESSOR_DEFINITIONS = (
					"DEBUG=1",
					"$(inherited)",
				);
				GCC_WARN_64_TO_32_BIT_CONVERSION = YES;
				GCC_WARN_ABOUT_RETURN_TYPE = YES_ERROR;
				GCC_WARN_UNDECLARED_SELECTOR = YES;
				GCC_WARN_UNINITIALIZED_AUTOS = YES_AGGRESSIVE;
				GCC_WARN_UNUSED_FUNCTION = YES;
				GCC_WARN_UNUSED_VARIABLE = YES;
				IPHONEOS_DEPLOYMENT_TARGET = 14.4;
				MTL_ENABLE_DEBUG_INFO = INCLUDE_SOURCE;
				MTL_FAST_MATH = YES;
				ONLY_ACTIVE_ARCH = YES;
				SDKROOT = iphoneos;
				SWIFT_ACTIVE_COMPILATION_CONDITIONS = DEBUG;
				SWIFT_OPTIMIZATION_LEVEL = "-Onone";
			};
			name = Debug;
		};
		B959A71525E3393800E1C2F6 /* Release */ = {
			isa = XCBuildConfiguration;
			buildSettings = {
				ALWAYS_SEARCH_USER_PATHS = NO;
				CLANG_ANALYZER_NONNULL = YES;
				CLANG_ANALYZER_NUMBER_OBJECT_CONVERSION = YES_AGGRESSIVE;
				CLANG_CXX_LANGUAGE_STANDARD = "gnu++14";
				CLANG_CXX_LIBRARY = "libc++";
				CLANG_ENABLE_MODULES = YES;
				CLANG_ENABLE_OBJC_ARC = YES;
				CLANG_ENABLE_OBJC_WEAK = YES;
				CLANG_WARN_BLOCK_CAPTURE_AUTORELEASING = YES;
				CLANG_WARN_BOOL_CONVERSION = YES;
				CLANG_WARN_COMMA = YES;
				CLANG_WARN_CONSTANT_CONVERSION = YES;
				CLANG_WARN_DEPRECATED_OBJC_IMPLEMENTATIONS = YES;
				CLANG_WARN_DIRECT_OBJC_ISA_USAGE = YES_ERROR;
				CLANG_WARN_DOCUMENTATION_COMMENTS = YES;
				CLANG_WARN_EMPTY_BODY = YES;
				CLANG_WARN_ENUM_CONVERSION = YES;
				CLANG_WARN_INFINITE_RECURSION = YES;
				CLANG_WARN_INT_CONVERSION = YES;
				CLANG_WARN_NON_LITERAL_NULL_CONVERSION = YES;
				CLANG_WARN_OBJC_IMPLICIT_RETAIN_SELF = YES;
				CLANG_WARN_OBJC_LITERAL_CONVERSION = YES;
				CLANG_WARN_OBJC_ROOT_CLASS = YES_ERROR;
				CLANG_WARN_QUOTED_INCLUDE_IN_FRAMEWORK_HEADER = YES;
				CLANG_WARN_RANGE_LOOP_ANALYSIS = YES;
				CLANG_WARN_STRICT_PROTOTYPES = YES;
				CLANG_WARN_SUSPICIOUS_MOVE = YES;
				CLANG_WARN_UNGUARDED_AVAILABILITY = YES_AGGRESSIVE;
				CLANG_WARN_UNREACHABLE_CODE = YES;
				CLANG_WARN__DUPLICATE_METHOD_MATCH = YES;
				COPY_PHASE_STRIP = NO;
				DEBUG_INFORMATION_FORMAT = "dwarf-with-dsym";
				ENABLE_NS_ASSERTIONS = NO;
				ENABLE_STRICT_OBJC_MSGSEND = YES;
				GCC_C_LANGUAGE_STANDARD = gnu11;
				GCC_NO_COMMON_BLOCKS = YES;
				GCC_WARN_64_TO_32_BIT_CONVERSION = YES;
				GCC_WARN_ABOUT_RETURN_TYPE = YES_ERROR;
				GCC_WARN_UNDECLARED_SELECTOR = YES;
				GCC_WARN_UNINITIALIZED_AUTOS = YES_AGGRESSIVE;
				GCC_WARN_UNUSED_FUNCTION = YES;
				GCC_WARN_UNUSED_VARIABLE = YES;
				IPHONEOS_DEPLOYMENT_TARGET = 14.4;
				MTL_ENABLE_DEBUG_INFO = NO;
				MTL_FAST_MATH = YES;
				SDKROOT = iphoneos;
				SWIFT_COMPILATION_MODE = wholemodule;
				SWIFT_OPTIMIZATION_LEVEL = "-O";
				VALIDATE_PRODUCT = YES;
			};
			name = Release;
		};
		B959A71725E3393800E1C2F6 /* Debug */ = {
			isa = XCBuildConfiguration;
			buildSettings = {
				ASSETCATALOG_COMPILER_APPICON_NAME = AppIcon;
				ASSETCATALOG_COMPILER_GLOBAL_ACCENT_COLOR_NAME = AccentColor;
				CODE_SIGN_STYLE = Automatic;
				DEVELOPMENT_ASSET_PATHS = "\"Project6/Preview Content\"";
				DEVELOPMENT_TEAM = MG77MU456K;
				ENABLE_PREVIEWS = YES;
				INFOPLIST_FILE = Project6/Info.plist;
				IPHONEOS_DEPLOYMENT_TARGET = 14.0;
				LD_RUNPATH_SEARCH_PATHS = (
					"$(inherited)",
					"@executable_path/Frameworks",
				);
				PRODUCT_BUNDLE_IDENTIFIER = com.example.Project6;
				PRODUCT_NAME = "$(TARGET_NAME)";
				SWIFT_VERSION = 5.0;
				TARGETED_DEVICE_FAMILY = "1,2";
			};
			name = Debug;
		};
		B959A71825E3393800E1C2F6 /* Release */ = {
			isa = XCBuildConfiguration;
			buildSettings = {
				ASSETCATALOG_COMPILER_APPICON_NAME = AppIcon;
				ASSETCATALOG_COMPILER_GLOBAL_ACCENT_COLOR_NAME = AccentColor;
				CODE_SIGN_STYLE = Automatic;
				DEVELOPMENT_ASSET_PATHS = "\"Project6/Preview Content\"";
				DEVELOPMENT_TEAM = MG77MU456K;
				ENABLE_PREVIEWS = YES;
				INFOPLIST_FILE = Project6/Info.plist;
				IPHONEOS_DEPLOYMENT_TARGET = 14.0;
				LD_RUNPATH_SEARCH_PATHS = (
					"$(inherited)",
					"@executable_path/Frameworks",
				);
				PRODUCT_BUNDLE_IDENTIFIER = com.example.Project6;
				PRODUCT_NAME = "$(TARGET_NAME)";
				SWIFT_VERSION = 5.0;
				TARGETED_DEVICE_FAMILY = "1,2";
			};
			name = Release;
		};
		B959A71A25E3393800E1C2F6 /* Debug */ = {
			isa = XCBuildConfiguration;
			buildSettings = {
				ALWAYS_EMBED_SWIFT_STANDARD_LIBRARIES = YES;
				BUNDLE_LOADER = "$(TEST_HOST)";
				CODE_SIGN_STYLE = Automatic;
				DEVELOPMENT_TEAM = MG77MU456K;
				INFOPLIST_FILE = Project6Tests/Info.plist;
				IPHONEOS_DEPLOYMENT_TARGET = 14.0;
				LD_RUNPATH_SEARCH_PATHS = (
					"$(inherited)",
					"@executable_path/Frameworks",
					"@loader_path/Frameworks",
				);
				PRODUCT_BUNDLE_IDENTIFIER = com.example.Project6Tests;
				PRODUCT_NAME = "$(TARGET_NAME)";
				SWIFT_VERSION = 5.0;
				TARGETED_DEVICE_FAMILY = "1,2";
				TEST_HOST = "$(BUILT_PRODUCTS_DIR)/Project6.app/Project6";
			};
			name = Debug;
		};
		B959A71B25E3393800E1C2F6 /* Release */ = {
			isa = XCBuildConfiguration;
			buildSettings = {
				ALWAYS_EMBED_SWIFT_STANDARD_LIBRARIES = YES;
				BUNDLE_LOADER = "$(TEST_HOST)";
				CODE_SIGN_STYLE = Automatic;
				DEVELOPMENT_TEAM = MG77MU456K;
				INFOPLIST_FILE = Project6Tests/Info.plist;
				IPHONEOS_DEPLOYMENT_TARGET = 14.0;
				LD_RUNPATH_SEARCH_PATHS = (
					"$(inherited)",
					"@executable_path/Frameworks",
					"@loader_path/Frameworks",
				);
				PRODUCT_BUNDLE_IDENTIFIER = com.example.Project6Tests;
				PRODUCT_NAME = "$(TARGET_NAME)";
				SWIFT_VERSION = 5.0;
				TARGETED_DEVICE_FAMILY = "1,2";
				TEST_HOST = "$(BUILT_PRODUCTS_DIR)/Project6.app/Project6";
			};
			name = Release;
		};
		B959A71D25E3393800E1C2F6 /* Debug */ = {
			isa = XCBuildConfiguration;
			buildSettings = {
				ALWAYS_EMBED_SWIFT_STANDARD_LIBRARIES = YES;
				CODE_SIGN_STYLE = Automatic;
				DEVELOPMENT_TEAM = MG77MU456K;
				INFOPLIST_FILE = Project6UITests/Info.plist;
				LD_RUNPATH_SEARCH_PATHS = (
					"$(inherited)",
					"@executable_path/Frameworks",
					"@loader_path/Frameworks",
				);
				PRODUCT_BUNDLE_IDENTIFIER = com.example.Project6UITests;
				PRODUCT_NAME = "$(TARGET_NAME)";
				SWIFT_VERSION = 5.0;
				TARGETED_DEVICE_FAMILY = "1,2";
				TEST_TARGET_NAME = Project6;
			};
			name = Debug;
		};
		B959A71E25E3393800E1C2F6 /* Release */ = {
			isa = XCBuildConfiguration;
			buildSettings = {
				ALWAYS_EMBED_SWIFT_STANDARD_LIBRARIES = YES;
				CODE_SIGN_STYLE = Automatic;
				DEVELOPMENT_TEAM = MG77MU456K;
				INFOPLIST_FILE = Project6UITests/Info.plist;
				LD_RUNPATH_SEARCH_PATHS = (
					"$(inherited)",
					"@executable_path/Frameworks",
					"@loader_path/Frameworks",
				);
				PRODUCT_BUNDLE_IDENTIFIER = com.example.Project6UITests;
				PRODUCT_NAME = "$(TARGET_NAME)";
				SWIFT_VERSION = 5.0;
				TARGETED_DEVICE_FAMILY = "1,2";
				TEST_TARGET_NAME = Project6;
			};
			name = Release;
		};
/* End XCBuildConfiguration section */

/* Begin XCConfigurationList section */
		B959A6EC25E3393600E1C2F6 /* Build configuration list for PBXProject "Project6" */ = {
			isa = XCConfigurationList;
			buildConfigurations = (
				B959A71425E3393800E1C2F6 /* Debug */,
				B959A71525E3393800E1C2F6 /* Release */,
			);
			defaultConfigurationIsVisible = 0;
			defaultConfigurationName = Release;
		};
		B959A71625E3393800E1C2F6 /* Build configuration list for PBXNativeTarget "Project6" */ = {
			isa = XCConfigurationList;
			buildConfigurations = (
				B959A71725E3393800E1C2F6 /* Debug */,
				B959A71825E3393800E1C2F6 /* Release */,
			);
			defaultConfigurationIsVisible = 0;
			defaultConfigurationName = Release;
		};
		B959A71925E3393800E1C2F6 /* Build configuration list for PBXNativeTarget "Project6Tests" */ = {
			isa = XCConfigurationList;
			buildConfigurations = (
				B959A71A25E3393800E1C2F6 /* Debug */,
				B959A71B25E3393800E1C2F6 /* Release */,
			);
			defaultConfigurationIsVisible = 0;
			defaultConfigurationName = Release;
		};
		B959A71C25E3393800E1C2F6 /* Build configuration list for PBXNativeTarget "Project6UITests" */ = {
			isa = XCConfigurationList;
			buildConfigurations = (
				B959A71D25E3393800E1C2F6 /* Debug */,
				B959A71E25E3393800E1C2F6 /* Release */,
			);
			defaultConfigurationIsVisible = 0;
			defaultConfigurationName = Release;
		};
/* End XCConfigurationList section */
	};
	rootObject = B959A6E925E3393600E1C2F6 /* Project object */;
}
